
Microsoft Visual Studio Solution File, Format Version 12.00
# Visual Studio Version 16
VisualStudioVersion = 16.0.30225.117
MinimumVisualStudioVersion = 10.0.40219.1
Project("{FAE04EC0-301F-11D3-BF4B-00C04F79EFBC}") = "calculator", "calculator.csproj", "{DAAA26D7-C465-4BD9-8421-58EA55F2EACF}"
EndProject
Global
	GlobalSection(SolutionConfigurationPlatforms) = preSolution
		Debug|Any CPU = Debug|Any CPU
		Release|Any CPU = Release|Any CPU
	EndGlobalSection
	GlobalSection(ProjectConfigurationPlatforms) = postSolution
		{DAAA26D7-C465-4BD9-8421-58EA55F2EACF}.Debug|Any CPU.ActiveCfg = Debug|Any CPU
		{DAAA26D7-C465-4BD9-8421-58EA55F2EACF}.Debug|Any CPU.Build.0 = Debug|Any CPU
		{DAAA26D7-C465-4BD9-8421-58EA55F2EACF}.Release|Any CPU.ActiveCfg = Release|Any CPU
		{DAAA26D7-C465-4BD9-8421-58EA55F2EACF}.Release|Any CPU.Build.0 = Release|Any CPU
	EndGlobalSection
	GlobalSection(SolutionProperties) = preSolution
		HideSolutionNode = FALSE
	EndGlobalSection
	GlobalSection(ExtensibilityGlobals) = postSolution
		SolutionGuid = {E1D05423-8FC5-4B33-97C2-CA4D0032C185}
	EndGlobalSection
EndGlobal
